
Microsoft Visual Studio Solution File, Format Version 12.00
# Visual Studio Version 17
VisualStudioVersion = 17.7.34031.279
MinimumVisualStudioVersion = 10.0.40219.1
Project("{FAE04EC0-301F-11D3-BF4B-00C04F79EFBC}") = "hw6-1_10_27", "hw6-1_10_27\hw6-1_10_27.csproj", "{22629B39-084E-4A63-AA57-4B8450B275FB}"
EndProject
Global
	GlobalSection(SolutionConfigurationPlatforms) = preSolution
		Debug|Any CPU = Debug|Any CPU
		Release|Any CPU = Release|Any CPU
	EndGlobalSection
	GlobalSection(ProjectConfigurationPlatforms) = postSolution
		{22629B39-084E-4A63-AA57-4B8450B275FB}.Debug|Any CPU.ActiveCfg = Debug|Any CPU
		{22629B39-084E-4A63-AA57-4B8450B275FB}.Debug|Any CPU.Build.0 = Debug|Any CPU
		{22629B39-084E-4A63-AA57-4B8450B275FB}.Release|Any CPU.ActiveCfg = Release|Any CPU
		{22629B39-084E-4A63-AA57-4B8450B275FB}.Release|Any CPU.Build.0 = Release|Any CPU
	EndGlobalSection
	GlobalSection(SolutionProperties) = preSolution
		HideSolutionNode = FALSE
	EndGlobalSection
	GlobalSection(ExtensibilityGlobals) = postSolution
		SolutionGuid = {1CAEF21A-0806-4E97-A95B-342267990BCB}
	EndGlobalSection
EndGlobal
